
Microsoft Visual Studio Solution File, Format Version 12.00
# Visual Studio Version 16
VisualStudioVersion = 16.0.30503.244
MinimumVisualStudioVersion = 10.0.40219.1
Project("{8BC9CEB8-8B4A-11D0-8D11-00A0C91BC942}") = "cache calc", "cache calc\cache calc.vcxproj", "{3FE3070C-C9E9-4223-A804-6AC196DB7072}"
EndProject
Project("{8BC9CEB8-8B4A-11D0-8D11-00A0C91BC942}") = "Utility", "Utility\Utility.vcxproj", "{2E81C78C-F69B-4166-BFA1-1BB492CC15F2}"
EndProject
Project("{8BC9CEB8-8B4A-11D0-8D11-00A0C91BC942}") = "BlackJackLib", "BlackJackLib\BlackJackLib.vcxproj", "{A1FAB05F-DD49-495E-B9B1-05CB53929818}"
	ProjectSection(ProjectDependencies) = postProject
		{2E81C78C-F69B-4166-BFA1-1BB492CC15F2} = {2E81C78C-F69B-4166-BFA1-1BB492CC15F2}
	EndProjectSection
EndProject
Project("{8BC9CEB8-8B4A-11D0-8D11-00A0C91BC942}") = "BlackJackPlay", "BlackJackPlay\BlackJackPlay.vcxproj", "{EDF46475-F8CA-4AE4-A5A6-F1E4E3897F6E}"
EndProject
Project("{8BC9CEB8-8B4A-11D0-8D11-00A0C91BC942}") = "BlackJackCalculator", "BlackJackCalculator\BlackJackCalculator.vcxproj", "{FD7F16D4-236B-4E43-A909-F8D86CCBB14A}"
	ProjectSection(ProjectDependencies) = postProject
		{A1FAB05F-DD49-495E-B9B1-05CB53929818} = {A1FAB05F-DD49-495E-B9B1-05CB53929818}
		{2E81C78C-F69B-4166-BFA1-1BB492CC15F2} = {2E81C78C-F69B-4166-BFA1-1BB492CC15F2}
	EndProjectSection
EndProject
Project("{8BC9CEB8-8B4A-11D0-8D11-00A0C91BC942}") = "Strategy importer", "Strategy importer\Strategy importer.vcxproj", "{0CFDA509-BE85-411A-A3EB-C5F54D673EF9}"
EndProject
Project("{8BC9CEB8-8B4A-11D0-8D11-00A0C91BC942}") = "Test", "Test\Test.vcxproj", "{FAA17CDE-3B9E-45F9-8D17-6D1A480227D8}"
EndProject
Project("{8BC9CEB8-8B4A-11D0-8D11-00A0C91BC942}") = "CalculatorOnStrategy", "CalculatorOnStrategy\CalculatorOnStrategy.vcxproj", "{6364D932-CCAE-4266-9040-8CA0D9038A3C}"
EndProject
Global
	GlobalSection(SolutionConfigurationPlatforms) = preSolution
		Debug|x64 = Debug|x64
		Debug|x86 = Debug|x86
		Release|x64 = Release|x64
		Release|x86 = Release|x86
	EndGlobalSection
	GlobalSection(ProjectConfigurationPlatforms) = postSolution
		{3FE3070C-C9E9-4223-A804-6AC196DB7072}.Debug|x64.ActiveCfg = Debug|x64
		{3FE3070C-C9E9-4223-A804-6AC196DB7072}.Debug|x64.Build.0 = Debug|x64
		{3FE3070C-C9E9-4223-A804-6AC196DB7072}.Debug|x86.ActiveCfg = Debug|Win32
		{3FE3070C-C9E9-4223-A804-6AC196DB7072}.Debug|x86.Build.0 = Debug|Win32
		{3FE3070C-C9E9-4223-A804-6AC196DB7072}.Release|x64.ActiveCfg = Release|x64
		{3FE3070C-C9E9-4223-A804-6AC196DB7072}.Release|x64.Build.0 = Release|x64
		{3FE3070C-C9E9-4223-A804-6AC196DB7072}.Release|x86.ActiveCfg = Release|Win32
		{3FE3070C-C9E9-4223-A804-6AC196DB7072}.Release|x86.Build.0 = Release|Win32
		{2E81C78C-F69B-4166-BFA1-1BB492CC15F2}.Debug|x64.ActiveCfg = Debug|x64
		{2E81C78C-F69B-4166-BFA1-1BB492CC15F2}.Debug|x64.Build.0 = Debug|x64
		{2E81C78C-F69B-4166-BFA1-1BB492CC15F2}.Debug|x86.ActiveCfg = Debug|Win32
		{2E81C78C-F69B-4166-BFA1-1BB492CC15F2}.Debug|x86.Build.0 = Debug|Win32
		{2E81C78C-F69B-4166-BFA1-1BB492CC15F2}.Release|x64.ActiveCfg = Release|x64
		{2E81C78C-F69B-4166-BFA1-1BB492CC15F2}.Release|x64.Build.0 = Release|x64
		{2E81C78C-F69B-4166-BFA1-1BB492CC15F2}.Release|x86.ActiveCfg = Release|Win32
		{2E81C78C-F69B-4166-BFA1-1BB492CC15F2}.Release|x86.Build.0 = Release|Win32
		{A1FAB05F-DD49-495E-B9B1-05CB53929818}.Debug|x64.ActiveCfg = Debug|x64
		{A1FAB05F-DD49-495E-B9B1-05CB53929818}.Debug|x64.Build.0 = Debug|x64
		{A1FAB05F-DD49-495E-B9B1-05CB53929818}.Debug|x86.ActiveCfg = Debug|Win32
		{A1FAB05F-DD49-495E-B9B1-05CB53929818}.Debug|x86.Build.0 = Debug|Win32
		{A1FAB05F-DD49-495E-B9B1-05CB53929818}.Release|x64.ActiveCfg = Release|x64
		{A1FAB05F-DD49-495E-B9B1-05CB53929818}.Release|x64.Build.0 = Release|x64
		{A1FAB05F-DD49-495E-B9B1-05CB53929818}.Release|x86.ActiveCfg = Release|Win32
		{A1FAB05F-DD49-495E-B9B1-05CB53929818}.Release|x86.Build.0 = Release|Win32
		{EDF46475-F8CA-4AE4-A5A6-F1E4E3897F6E}.Debug|x64.ActiveCfg = Debug|x64
		{EDF46475-F8CA-4AE4-A5A6-F1E4E3897F6E}.Debug|x64.Build.0 = Debug|x64
		{EDF46475-F8CA-4AE4-A5A6-F1E4E3897F6E}.Debug|x86.ActiveCfg = Debug|Win32
		{EDF46475-F8CA-4AE4-A5A6-F1E4E3897F6E}.Debug|x86.Build.0 = Debug|Win32
		{EDF46475-F8CA-4AE4-A5A6-F1E4E3897F6E}.Release|x64.ActiveCfg = Release|x64
		{EDF46475-F8CA-4AE4-A5A6-F1E4E3897F6E}.Release|x64.Build.0 = Release|x64
		{EDF46475-F8CA-4AE4-A5A6-F1E4E3897F6E}.Release|x86.ActiveCfg = Release|Win32
		{EDF46475-F8CA-4AE4-A5A6-F1E4E3897F6E}.Release|x86.Build.0 = Release|Win32
		{FD7F16D4-236B-4E43-A909-F8D86CCBB14A}.Debug|x64.ActiveCfg = Debug|x64
		{FD7F16D4-236B-4E43-A909-F8D86CCBB14A}.Debug|x64.Build.0 = Debug|x64
		{FD7F16D4-236B-4E43-A909-F8D86CCBB14A}.Debug|x86.ActiveCfg = Debug|Win32
		{FD7F16D4-236B-4E43-A909-F8D86CCBB14A}.Debug|x86.Build.0 = Debug|Win32
		{FD7F16D4-236B-4E43-A909-F8D86CCBB14A}.Release|x64.ActiveCfg = Release|x64
		{FD7F16D4-236B-4E43-A909-F8D86CCBB14A}.Release|x64.Build.0 = Release|x64
		{FD7F16D4-236B-4E43-A909-F8D86CCBB14A}.Release|x86.ActiveCfg = Release|Win32
		{FD7F16D4-236B-4E43-A909-F8D86CCBB14A}.Release|x86.Build.0 = Release|Win32
		{0CFDA509-BE85-411A-A3EB-C5F54D673EF9}.Debug|x64.ActiveCfg = Debug|x64
		{0CFDA509-BE85-411A-A3EB-C5F54D673EF9}.Debug|x64.Build.0 = Debug|x64
		{0CFDA509-BE85-411A-A3EB-C5F54D673EF9}.Debug|x86.ActiveCfg = Debug|Win32
		{0CFDA509-BE85-411A-A3EB-C5F54D673EF9}.Debug|x86.Build.0 = Debug|Win32
		{0CFDA509-BE85-411A-A3EB-C5F54D673EF9}.Release|x64.ActiveCfg = Release|x64
		{0CFDA509-BE85-411A-A3EB-C5F54D673EF9}.Release|x64.Build.0 = Release|x64
		{0CFDA509-BE85-411A-A3EB-C5F54D673EF9}.Release|x86.ActiveCfg = Release|Win32
		{0CFDA509-BE85-411A-A3EB-C5F54D673EF9}.Release|x86.Build.0 = Release|Win32
		{FAA17CDE-3B9E-45F9-8D17-6D1A480227D8}.Debug|x64.ActiveCfg = Debug|x64
		{FAA17CDE-3B9E-45F9-8D17-6D1A480227D8}.Debug|x64.Build.0 = Debug|x64
		{FAA17CDE-3B9E-45F9-8D17-6D1A480227D8}.Debug|x86.ActiveCfg = Debug|Win32
		{FAA17CDE-3B9E-45F9-8D17-6D1A480227D8}.Debug|x86.Build.0 = Debug|Win32
		{FAA17CDE-3B9E-45F9-8D17-6D1A480227D8}.Release|x64.ActiveCfg = Release|x64
		{FAA17CDE-3B9E-45F9-8D17-6D1A480227D8}.Release|x64.Build.0 = Release|x64
		{FAA17CDE-3B9E-45F9-8D17-6D1A480227D8}.Release|x86.ActiveCfg = Release|Win32
		{FAA17CDE-3B9E-45F9-8D17-6D1A480227D8}.Release|x86.Build.0 = Release|Win32
		{6364D932-CCAE-4266-9040-8CA0D9038A3C}.Debug|x64.ActiveCfg = Debug|x64
		{6364D932-CCAE-4266-9040-8CA0D9038A3C}.Debug|x64.Build.0 = Debug|x64
		{6364D932-CCAE-4266-9040-8CA0D9038A3C}.Debug|x86.ActiveCfg = Debug|Win32
		{6364D932-CCAE-4266-9040-8CA0D9038A3C}.Debug|x86.Build.0 = Debug|Win32
		{6364D932-CCAE-4266-9040-8CA0D9038A3C}.Release|x64.ActiveCfg = Release|x64
		{6364D932-CCAE-4266-9040-8CA0D9038A3C}.Release|x64.Build.0 = Release|x64
		{6364D932-CCAE-4266-9040-8CA0D9038A3C}.Release|x86.ActiveCfg = Release|Win32
		{6364D932-CCAE-4266-9040-8CA0D9038A3C}.Release|x86.Build.0 = Release|Win32
	EndGlobalSection
	GlobalSection(SolutionProperties) = preSolution
		HideSolutionNode = FALSE
	EndGlobalSection
	GlobalSection(ExtensibilityGlobals) = postSolution
		SolutionGuid = {5BEFD82D-A1CC-4AD3-B98E-71EA81EDDFD9}
	EndGlobalSection
EndGlobal
